PODS:
  - Alamofire (5.4.1)
  - Kingfisher (6.0.1)
  - PlutoSDK/Core (1.0):
    - Alamofire (~> 5)
    - SwiftyJSON (~> 5)
    - SwiftyUserDefaults (~> 5)
  - PlutoSDK/Rx (1.0):
    - PlutoSDK/Core (~> 1)
    - RxCocoa (~> 6)
  - RxCocoa (6.0.0):
    - RxRelay (= 6.0.0)
    - RxSwift (= 6.0.0)
  - RxRelay (6.0.0):
    - RxSwift (= 6.0.0)
  - RxSwift (6.0.0)
  - SwiftyJSON (5.0.0)
  - SwiftyUserDefaults (5.0.0)

DEPENDENCIES:
  - Kingfisher
  - PlutoSDK/Rx (from `../`)

SPEC REPOS:
  trunk:
    - Alamofire
    - Kingfisher
    - RxCocoa
    - RxRelay
    - RxSwift
    - SwiftyJSON
    - SwiftyUserDefaults

EXTERNAL SOURCES:
  PlutoSDK:
    :path: "../"

SPEC CHECKSUMS:
  Alamofire: 2291f7d21ca607c491dd17642e5d40fdcda0e65c
  Kingfisher: adde87a4f74f6a3845395769354efff593581740
  PlutoSDK: 334853b1c01388986f44c914b0969ee524deca5d
  RxCocoa: 3f79328fafa3645b34600f37c31e64c73ae3a80e
  RxRelay: 8d593be109c06ea850df027351beba614b012ffb
  RxSwift: c14e798c59b9f6e9a2df8fd235602e85cc044295
  SwiftyJSON: 36413e04c44ee145039d332b4f4e2d3e8d6c4db7
  SwiftyUserDefaults: 33fcb42bd1feb53a37d873feb62c82967db5f7f6

PODFILE CHECKSUM: 2e5513e74b0475c9762d494f382ce658831b8a96

COCOAPODS: 1.10.1
